
Microsoft Visual Studio Solution File, Format Version 11.00
# Visual Studio 2010
Project("{8BC9CEB8-8B4A-11D0-8D11-00A0C91BC942}") = "ch341-i2c-lm75a", "ch341-i2c-lm75a\ch341-i2c-lm75a.vcxproj", "{B4D627D8-3C5C-4884-8B77-032C6E925598}"
EndProject
Project("{8BC9CEB8-8B4A-11D0-8D11-00A0C91BC942}") = "hplm75-tests", "hplm75-tests\hplm75-tests.vcxproj", "{F39D1E41-F824-4BC5-AEE6-127E62FDE346}"
	ProjectSection(ProjectDependencies) = postProject
		{B4D627D8-3C5C-4884-8B77-032C6E925598} = {B4D627D8-3C5C-4884-8B77-032C6E925598}
	EndProjectSection
EndProject
Global
	GlobalSection(SolutionConfigurationPlatforms) = preSolution
		Debug|Win32 = Debug|Win32
		Release|Win32 = Release|Win32
	EndGlobalSection
	GlobalSection(ProjectConfigurationPlatforms) = postSolution
		{B4D627D8-3C5C-4884-8B77-032C6E925598}.Debug|Win32.ActiveCfg = Debug|Win32
		{B4D627D8-3C5C-4884-8B77-032C6E925598}.Debug|Win32.Build.0 = Debug|Win32
		{B4D627D8-3C5C-4884-8B77-032C6E925598}.Release|Win32.ActiveCfg = Release|Win32
		{B4D627D8-3C5C-4884-8B77-032C6E925598}.Release|Win32.Build.0 = Release|Win32
		{F39D1E41-F824-4BC5-AEE6-127E62FDE346}.Debug|Win32.ActiveCfg = Debug|Win32
		{F39D1E41-F824-4BC5-AEE6-127E62FDE346}.Debug|Win32.Build.0 = Debug|Win32
		{F39D1E41-F824-4BC5-AEE6-127E62FDE346}.Release|Win32.ActiveCfg = Release|Win32
		{F39D1E41-F824-4BC5-AEE6-127E62FDE346}.Release|Win32.Build.0 = Release|Win32
	EndGlobalSection
	GlobalSection(SolutionProperties) = preSolution
		HideSolutionNode = FALSE
	EndGlobalSection
EndGlobal
